
Microsoft Visual Studio Solution File, Format Version 12.00
# Visual Studio Version 17
VisualStudioVersion = 17.6.33801.468
MinimumVisualStudioVersion = 10.0.40219.1
Project("{9A19103F-16F7-4668-BE54-9A1E7A4F7556}") = "CDEK_library", "CDEK_library\CDEK_library.csproj", "{55763356-A130-4E57-8653-EB9EF8EE199F}"
EndProject
Project("{9A19103F-16F7-4668-BE54-9A1E7A4F7556}") = "ConsoleInterface", "ConsoleInterface\ConsoleInterface.csproj", "{5051D9CA-3A4D-4E81-B3ED-68E0F03FAC6A}"
EndProject
Global
	GlobalSection(SolutionConfigurationPlatforms) = preSolution
		Debug|Any CPU = Debug|Any CPU
		Release|Any CPU = Release|Any CPU
	EndGlobalSection
	GlobalSection(ProjectConfigurationPlatforms) = postSolution
		{55763356-A130-4E57-8653-EB9EF8EE199F}.Debug|Any CPU.ActiveCfg = Debug|Any CPU
		{55763356-A130-4E57-8653-EB9EF8EE199F}.Debug|Any CPU.Build.0 = Debug|Any CPU
		{55763356-A130-4E57-8653-EB9EF8EE199F}.Release|Any CPU.ActiveCfg = Release|Any CPU
		{55763356-A130-4E57-8653-EB9EF8EE199F}.Release|Any CPU.Build.0 = Release|Any CPU
		{5051D9CA-3A4D-4E81-B3ED-68E0F03FAC6A}.Debug|Any CPU.ActiveCfg = Debug|Any CPU
		{5051D9CA-3A4D-4E81-B3ED-68E0F03FAC6A}.Debug|Any CPU.Build.0 = Debug|Any CPU
		{5051D9CA-3A4D-4E81-B3ED-68E0F03FAC6A}.Release|Any CPU.ActiveCfg = Release|Any CPU
		{5051D9CA-3A4D-4E81-B3ED-68E0F03FAC6A}.Release|Any CPU.Build.0 = Release|Any CPU
	EndGlobalSection
	GlobalSection(SolutionProperties) = preSolution
		HideSolutionNode = FALSE
	EndGlobalSection
	GlobalSection(ExtensibilityGlobals) = postSolution
		SolutionGuid = {B86E5B1B-F9B2-4B89-A1C0-64813F6405E9}
	EndGlobalSection
EndGlobal
